// !$*UTF8*$!
{
	archiveVersion = 1;
	classes = {
	};
	objectVersion = 50;
	objects = {

/* Begin PBXBuildFile section */
		5771232022154EE500A3C4CB /* Shape.m in Sources */ = {isa = PBXBuildFile; fileRef = 5771231F22154EE500A3C4CB /* Shape.m */; };
		5771232822157EB400A3C4CB /* Matrix.m in Sources */ = {isa = PBXBuildFile; fileRef = 5771232722157EB400A3C4CB /* Matrix.m */; };
		5771232B22157ED500A3C4CB /* Vector.m in Sources */ = {isa = PBXBuildFile; fileRef = 5771232A22157ED500A3C4CB /* Vector.m */; };
		5771232E22158EF300A3C4CB /* TransformMatrix.m in Sources */ = {isa = PBXBuildFile; fileRef = 5771232D22158EF300A3C4CB /* TransformMatrix.m */; };
		5771233122158EFE00A3C4CB /* TransformVector.m in Sources */ = {isa = PBXBuildFile; fileRef = 5771233022158EFE00A3C4CB /* TransformVector.m */; };
		577921502217FCC9008E2619 /* GraphicViewController.m in Sources */ = {isa = PBXBuildFile; fileRef = 5779214F2217FCC9008E2619 /* GraphicViewController.m */; };
		57841956221891C400725034 /* AppDelegate.m in Sources */ = {isa = PBXBuildFile; fileRef = 57841954221891C300725034 /* AppDelegate.m */; };
		57C4A22D224E20680071ABAB /* Line.m in Sources */ = {isa = PBXBuildFile; fileRef = 57C4A22C224E20680071ABAB /* Line.m */; };
		57EC40C322133640001A69AB /* CoreTransform.m in Sources */ = {isa = PBXBuildFile; fileRef = 57EC40C222133640001A69AB /* CoreTransform.m */; };
		57FA693A2212CAA20028B0BB /* Assets.xcassets in Resources */ = {isa = PBXBuildFile; fileRef = 57FA69392212CAA20028B0BB /* Assets.xcassets */; };
		57FA693D2212CAA20028B0BB /* Main.storyboard in Resources */ = {isa = PBXBuildFile; fileRef = 57FA693B2212CAA20028B0BB /* Main.storyboard */; };
		57FA69402212CAA20028B0BB /* main.m in Sources */ = {isa = PBXBuildFile; fileRef = 57FA693F2212CAA20028B0BB /* main.m */; };
		57FA69492212CACC0028B0BB /* GraphicView.m in Sources */ = {isa = PBXBuildFile; fileRef = 57FA69482212CACC0028B0BB /* GraphicView.m */; };
/* End PBXBuildFile section */

/* Begin PBXFileReference section */
		5771231E22154EE500A3C4CB /* Shape.h */ = {isa = PBXFileReference; lastKnownFileType = sourcecode.c.h; path = Shape.h; sourceTree = "<group>"; };
		5771231F22154EE500A3C4CB /* Shape.m */ = {isa = PBXFileReference; lastKnownFileType = sourcecode.c.objc; path = Shape.m; sourceTree = "<group>"; };
		5771232622157EB400A3C4CB /* Matrix.h */ = {isa = PBXFileReference; lastKnownFileType = sourcecode.c.h; path = Matrix.h; sourceTree = "<group>"; };
		5771232722157EB400A3C4CB /* Matrix.m */ = {isa = PBXFileReference; lastKnownFileType = sourcecode.c.objc; path = Matrix.m; sourceTree = "<group>"; };
		5771232922157ED500A3C4CB /* Vector.h */ = {isa = PBXFileReference; lastKnownFileType = sourcecode.c.h; path = Vector.h; sourceTree = "<group>"; };
		5771232A22157ED500A3C4CB /* Vector.m */ = {isa = PBXFileReference; lastKnownFileType = sourcecode.c.objc; path = Vector.m; sourceTree = "<group>"; };
		5771232C22158EF300A3C4CB /* TransformMatrix.h */ = {isa = PBXFileReference; lastKnownFileType = sourcecode.c.h; path = TransformMatrix.h; sourceTree = "<group>"; };
		5771232D22158EF300A3C4CB /* TransformMatrix.m */ = {isa = PBXFileReference; lastKnownFileType = sourcecode.c.objc; path = TransformMatrix.m; sourceTree = "<group>"; };
		5771232F22158EFE00A3C4CB /* TransformVector.h */ = {isa = PBXFileReference; lastKnownFileType = sourcecode.c.h; path = TransformVector.h; sourceTree = "<group>"; };
		5771233022158EFE00A3C4CB /* TransformVector.m */ = {isa = PBXFileReference; lastKnownFileType = sourcecode.c.objc; path = TransformVector.m; sourceTree = "<group>"; };
		5779214E2217FCC9008E2619 /* GraphicViewController.h */ = {isa = PBXFileReference; lastKnownFileType = sourcecode.c.h; path = GraphicViewController.h; sourceTree = "<group>"; };
		5779214F2217FCC9008E2619 /* GraphicViewController.m */ = {isa = PBXFileReference; lastKnownFileType = sourcecode.c.objc; path = GraphicViewController.m; sourceTree = "<group>"; };
		57841954221891C300725034 /* AppDelegate.m */ = {isa = PBXFileReference; fileEncoding = 4; lastKnownFileType = sourcecode.c.objc; path = AppDelegate.m; sourceTree = "<group>"; };
		57841955221891C300725034 /* AppDelegate.h */ = {isa = PBXFileReference; fileEncoding = 4; lastKnownFileType = sourcecode.c.h; path = AppDelegate.h; sourceTree = "<group>"; };
		57C4A22B224E20680071ABAB /* Line.h */ = {isa = PBXFileReference; lastKnownFileType = sourcecode.c.h; path = Line.h; sourceTree = "<group>"; };
		57C4A22C224E20680071ABAB /* Line.m */ = {isa = PBXFileReference; lastKnownFileType = sourcecode.c.objc; path = Line.m; sourceTree = "<group>"; };
		57EC40C122133640001A69AB /* CoreTransform.h */ = {isa = PBXFileReference; lastKnownFileType = sourcecode.c.h; path = CoreTransform.h; sourceTree = "<group>"; };
		57EC40C222133640001A69AB /* CoreTransform.m */ = {isa = PBXFileReference; lastKnownFileType = sourcecode.c.objc; path = CoreTransform.m; sourceTree = "<group>"; };
		57FA69302212CAA20028B0BB /* Computer Graphics.app */ = {isa = PBXFileReference; explicitFileType = wrapper.application; includeInIndex = 0; path = "Computer Graphics.app"; sourceTree = BUILT_PRODUCTS_DIR; };
		57FA69392212CAA20028B0BB /* Assets.xcassets */ = {isa = PBXFileReference; lastKnownFileType = folder.assetcatalog; path = Assets.xcassets; sourceTree = "<group>"; };
		57FA693C2212CAA20028B0BB /* Base */ = {isa = PBXFileReference; lastKnownFileType = file.storyboard; name = Base; path = Base.lproj/Main.storyboard; sourceTree = "<group>"; };
		57FA693E2212CAA20028B0BB /* Info.plist */ = {isa = PBXFileReference; lastKnownFileType = text.plist.xml; path = Info.plist; sourceTree = "<group>"; };
		57FA693F2212CAA20028B0BB /* main.m */ = {isa = PBXFileReference; lastKnownFileType = sourcecode.c.objc; path = main.m; sourceTree = "<group>"; };
		57FA69412212CAA20028B0BB /* Computer_Graphics.entitlements */ = {isa = PBXFileReference; lastKnownFileType = text.plist.entitlements; path = Computer_Graphics.entitlements; sourceTree = "<group>"; };
		57FA69472212CACC0028B0BB /* GraphicView.h */ = {isa = PBXFileReference; lastKnownFileType = sourcecode.c.h; path = GraphicView.h; sourceTree = "<group>"; };
		57FA69482212CACC0028B0BB /* GraphicView.m */ = {isa = PBXFileReference; lastKnownFileType = sourcecode.c.objc; path = GraphicView.m; sourceTree = "<group>"; };
/* End PBXFileReference section */

/* Begin PBXFrameworksBuildPhase section */
		57FA692D2212CAA20028B0BB /* Frameworks */ = {
			isa = PBXFrameworksBuildPhase;
			buildActionMask = 2147483647;
			files = (
			);
			runOnlyForDeploymentPostprocessing = 0;
		};
/* End PBXFrameworksBuildPhase section */

/* Begin PBXGroup section */
		576AD4E1221436480007170C /* GraphicView */ = {
			isa = PBXGroup;
			children = (
				57FA69472212CACC0028B0BB /* GraphicView.h */,
				57FA69482212CACC0028B0BB /* GraphicView.m */,
			);
			path = GraphicView;
			sourceTree = "<group>";
		};
		576AD4E2221436520007170C /* CoreTransform */ = {
			isa = PBXGroup;
			children = (
				57EC40C122133640001A69AB /* CoreTransform.h */,
				57EC40C222133640001A69AB /* CoreTransform.m */,
				5771232C22158EF300A3C4CB /* TransformMatrix.h */,
				5771232D22158EF300A3C4CB /* TransformMatrix.m */,
				5771232F22158EFE00A3C4CB /* TransformVector.h */,
				5771233022158EFE00A3C4CB /* TransformVector.m */,
			);
			path = CoreTransform;
			sourceTree = "<group>";
		};
		5771231D22154E6C00A3C4CB /* Shape */ = {
			isa = PBXGroup;
			children = (
				5771231E22154EE500A3C4CB /* Shape.h */,
				5771231F22154EE500A3C4CB /* Shape.m */,
			);
			path = Shape;
			sourceTree = "<group>";
		};
		5771232522157E7500A3C4CB /* Matrix */ = {
			isa = PBXGroup;
			children = (
				5771232622157EB400A3C4CB /* Matrix.h */,
				5771232722157EB400A3C4CB /* Matrix.m */,
				5771232922157ED500A3C4CB /* Vector.h */,
				5771232A22157ED500A3C4CB /* Vector.m */,
			);
			path = Matrix;
			sourceTree = "<group>";
		};
		57C4A223224DFF2E0071ABAB /* Application */ = {
			isa = PBXGroup;
			children = (
				57FA693E2212CAA20028B0BB /* Info.plist */,
				57841955221891C300725034 /* AppDelegate.h */,
				57841954221891C300725034 /* AppDelegate.m */,
				57FA693F2212CAA20028B0BB /* main.m */,
				57FA69412212CAA20028B0BB /* Computer_Graphics.entitlements */,
			);
			path = Application;
			sourceTree = "<group>";
		};
		57C4A226224E01E30071ABAB /* GraphicViewController */ = {
			isa = PBXGroup;
			children = (
				5779214E2217FCC9008E2619 /* GraphicViewController.h */,
				5779214F2217FCC9008E2619 /* GraphicViewController.m */,
			);
			path = GraphicViewController;
			sourceTree = "<group>";
		};
		57C4A22A224E205E0071ABAB /* Line */ = {
			isa = PBXGroup;
			children = (
				57C4A22B224E20680071ABAB /* Line.h */,
				57C4A22C224E20680071ABAB /* Line.m */,
			);
			path = Line;
			sourceTree = "<group>";
		};
		57FA69272212CAA20028B0BB = {
			isa = PBXGroup;
			children = (
				57FA69322212CAA20028B0BB /* Computer-Graphics */,
				57FA69312212CAA20028B0BB /* Products */,
			);
			sourceTree = "<group>";
		};
		57FA69312212CAA20028B0BB /* Products */ = {
			isa = PBXGroup;
			children = (
				57FA69302212CAA20028B0BB /* Computer Graphics.app */,
			);
			name = Products;
			sourceTree = "<group>";
		};
		57FA69322212CAA20028B0BB /* Computer-Graphics */ = {
			isa = PBXGroup;
			children = (
				57C4A22A224E205E0071ABAB /* Line */,
				5771232522157E7500A3C4CB /* Matrix */,
				5771231D22154E6C00A3C4CB /* Shape */,
				576AD4E2221436520007170C /* CoreTransform */,
				576AD4E1221436480007170C /* GraphicView */,
				57C4A226224E01E30071ABAB /* GraphicViewController */,
				57C4A223224DFF2E0071ABAB /* Application */,
				57FA69392212CAA20028B0BB /* Assets.xcassets */,
				57FA693B2212CAA20028B0BB /* Main.storyboard */,
			);
			path = "Computer-Graphics";
			sourceTree = "<group>";
		};
/* End PBXGroup section */

/* Begin PBXNativeTarget section */
		57FA692F2212CAA20028B0BB /* Computer-Graphics */ = {
			isa = PBXNativeTarget;
			buildConfigurationList = 57FA69442212CAA20028B0BB /* Build configuration list for PBXNativeTarget "Computer-Graphics" */;
			buildPhases = (
				57FA692C2212CAA20028B0BB /* Sources */,
				57FA692D2212CAA20028B0BB /* Frameworks */,
				57FA692E2212CAA20028B0BB /* Resources */,
			);
			buildRules = (
			);
			dependencies = (
			);
			name = "Computer-Graphics";
			productName = "Computer Graphics";
			productReference = 57FA69302212CAA20028B0BB /* Computer Graphics.app */;
			productType = "com.apple.product-type.application";
		};
/* End PBXNativeTarget section */

/* Begin PBXProject section */
		57FA69282212CAA20028B0BB /* Project object */ = {
			isa = PBXProject;
			attributes = {
				LastUpgradeCheck = 1010;
				ORGANIZATIONNAME = "Artem Kufaev";
				TargetAttributes = {
					57FA692F2212CAA20028B0BB = {
						CreatedOnToolsVersion = 10.1;
					};
				};
			};
			buildConfigurationList = 57FA692B2212CAA20028B0BB /* Build configuration list for PBXProject "Computer-Graphics" */;
			compatibilityVersion = "Xcode 9.3";
			developmentRegion = en;
			hasScannedForEncodings = 0;
			knownRegions = (
				en,
				Base,
			);
			mainGroup = 57FA69272212CAA20028B0BB;
			productRefGroup = 57FA69312212CAA20028B0BB /* Products */;
			projectDirPath = "";
			projectRoot = "";
			targets = (
				57FA692F2212CAA20028B0BB /* Computer-Graphics */,
			);
		};
/* End PBXProject section */

/* Begin PBXResourcesBuildPhase section */
		57FA692E2212CAA20028B0BB /* Resources */ = {
			isa = PBXResourcesBuildPhase;
			buildActionMask = 2147483647;
			files = (
				57FA693A2212CAA20028B0BB /* Assets.xcassets in Resources */,
				57FA693D2212CAA20028B0BB /* Main.storyboard in Resources */,
			);
			runOnlyForDeploymentPostprocessing = 0;
		};
/* End PBXResourcesBuildPhase section */

/* Begin PBXSourcesBuildPhase section */
		57FA692C2212CAA20028B0BB /* Sources */ = {
			isa = PBXSourcesBuildPhase;
			buildActionMask = 2147483647;
			files = (
				57C4A22D224E20680071ABAB /* Line.m in Sources */,
				57841956221891C400725034 /* AppDelegate.m in Sources */,
				5771232822157EB400A3C4CB /* Matrix.m in Sources */,
				5771232B22157ED500A3C4CB /* Vector.m in Sources */,
				5771233122158EFE00A3C4CB /* TransformVector.m in Sources */,
				5771232E22158EF300A3C4CB /* TransformMatrix.m in Sources */,
				5771232022154EE500A3C4CB /* Shape.m in Sources */,
				57FA69492212CACC0028B0BB /* GraphicView.m in Sources */,
				57EC40C322133640001A69AB /* CoreTransform.m in Sources */,
				57FA69402212CAA20028B0BB /* main.m in Sources */,
				577921502217FCC9008E2619 /* GraphicViewController.m in Sources */,
			);
			runOnlyForDeploymentPostprocessing = 0;
		};
/* End PBXSourcesBuildPhase section */

/* Begin PBXVariantGroup section */
		57FA693B2212CAA20028B0BB /* Main.storyboard */ = {
			isa = PBXVariantGroup;
			children = (
				57FA693C2212CAA20028B0BB /* Base */,
			);
			name = Main.storyboard;
			sourceTree = "<group>";
		};
/* End PBXVariantGroup section */

/* Begin XCBuildConfiguration section */
		57FA69422212CAA20028B0BB /* Debug */ = {
			isa = XCBuildConfiguration;
			buildSettings = {
				ALWAYS_SEARCH_USER_PATHS = NO;
				CLANG_ANALYZER_NONNULL = YES;
				CLANG_ANALYZER_NUMBER_OBJECT_CONVERSION = YES_AGGRESSIVE;
				CLANG_CXX_LANGUAGE_STANDARD = "gnu++14";
				CLANG_CXX_LIBRARY = "libc++";
				CLANG_ENABLE_MODULES = YES;
				CLANG_ENABLE_OBJC_ARC = YES;
				CLANG_ENABLE_OBJC_WEAK = YES;
				CLANG_WARN_BLOCK_CAPTURE_AUTORELEASING = YES;
				CLANG_WARN_BOOL_CONVERSION = YES;
				CLANG_WARN_COMMA = YES;
				CLANG_WARN_CONSTANT_CONVERSION = YES;
				CLANG_WARN_DEPRECATED_OBJC_IMPLEMENTATIONS = YES;
				CLANG_WARN_DIRECT_OBJC_ISA_USAGE = YES_ERROR;
				CLANG_WARN_DOCUMENTATION_COMMENTS = YES;
				CLANG_WARN_EMPTY_BODY = YES;
				CLANG_WARN_ENUM_CONVERSION = YES;
				CLANG_WARN_INFINITE_RECURSION = YES;
				CLANG_WARN_INT_CONVERSION = YES;
				CLANG_WARN_NON_LITERAL_NULL_CONVERSION = YES;
				CLANG_WARN_OBJC_IMPLICIT_RETAIN_SELF = YES;
				CLANG_WARN_OBJC_LITERAL_CONVERSION = YES;
				CLANG_WARN_OBJC_ROOT_CLASS = YES_ERROR;
				CLANG_WARN_RANGE_LOOP_ANALYSIS = YES;
				CLANG_WARN_STRICT_PROTOTYPES = YES;
				CLANG_WARN_SUSPICIOUS_MOVE = YES;
				CLANG_WARN_UNGUARDED_AVAILABILITY = YES_AGGRESSIVE;
				CLANG_WARN_UNREACHABLE_CODE = YES;
				CLANG_WARN__DUPLICATE_METHOD_MATCH = YES;
				CODE_SIGN_IDENTITY = "Mac Developer";
				COPY_PHASE_STRIP = NO;
				DEBUG_INFORMATION_FORMAT = dwarf;
				ENABLE_STRICT_OBJC_MSGSEND = YES;
				ENABLE_TESTABILITY = YES;
				GCC_C_LANGUAGE_STANDARD = gnu11;
				GCC_DYNAMIC_NO_PIC = NO;
				GCC_NO_COMMON_BLOCKS = YES;
				GCC_OPTIMIZATION_LEVEL = 0;
				GCC_PREPROCESSOR_DEFINITIONS = (
					"DEBUG=1",
					"$(inherited)",
				);
				GCC_WARN_64_TO_32_BIT_CONVERSION = YES;
				GCC_WARN_ABOUT_RETURN_TYPE = YES_ERROR;
				GCC_WARN_UNDECLARED_SELECTOR = YES;
				GCC_WARN_UNINITIALIZED_AUTOS = YES_AGGRESSIVE;
				GCC_WARN_UNUSED_FUNCTION = YES;
				GCC_WARN_UNUSED_VARIABLE = YES;
				MACOSX_DEPLOYMENT_TARGET = 10.14;
				MTL_ENABLE_DEBUG_INFO = INCLUDE_SOURCE;
				MTL_FAST_MATH = YES;
				ONLY_ACTIVE_ARCH = YES;
				SDKROOT = macosx;
			};
			name = Debug;
		};
		57FA69432212CAA20028B0BB /* Release */ = {
			isa = XCBuildConfiguration;
			buildSettings = {
				ALWAYS_SEARCH_USER_PATHS = NO;
				CLANG_ANALYZER_NONNULL = YES;
				CLANG_ANALYZER_NUMBER_OBJECT_CONVERSION = YES_AGGRESSIVE;
				CLANG_CXX_LANGUAGE_STANDARD = "gnu++14";
				CLANG_CXX_LIBRARY = "libc++";
				CLANG_ENABLE_MODULES = YES;
				CLANG_ENABLE_OBJC_ARC = YES;
				CLANG_ENABLE_OBJC_WEAK = YES;
				CLANG_WARN_BLOCK_CAPTURE_AUTORELEASING = YES;
				CLANG_WARN_BOOL_CONVERSION = YES;
				CLANG_WARN_COMMA = YES;
				CLANG_WARN_CONSTANT_CONVERSION = YES;
				CLANG_WARN_DEPRECATED_OBJC_IMPLEMENTATIONS = YES;
				CLANG_WARN_DIRECT_OBJC_ISA_USAGE = YES_ERROR;
				CLANG_WARN_DOCUMENTATION_COMMENTS = YES;
				CLANG_WARN_EMPTY_BODY = YES;
				CLANG_WARN_ENUM_CONVERSION = YES;
				CLANG_WARN_INFINITE_RECURSION = YES;
				CLANG_WARN_INT_CONVERSION = YES;
				CLANG_WARN_NON_LITERAL_NULL_CONVERSION = YES;
				CLANG_WARN_OBJC_IMPLICIT_RETAIN_SELF = YES;
				CLANG_WARN_OBJC_LITERAL_CONVERSION = YES;
				CLANG_WARN_OBJC_ROOT_CLASS = YES_ERROR;
				CLANG_WARN_RANGE_LOOP_ANALYSIS = YES;
				CLANG_WARN_STRICT_PROTOTYPES = YES;
				CLANG_WARN_SUSPICIOUS_MOVE = YES;
				CLANG_WARN_UNGUARDED_AVAILABILITY = YES_AGGRESSIVE;
				CLANG_WARN_UNREACHABLE_CODE = YES;
				CLANG_WARN__DUPLICATE_METHOD_MATCH = YES;
				CODE_SIGN_IDENTITY = "Mac Developer";
				COPY_PHASE_STRIP = NO;
				DEBUG_INFORMATION_FORMAT = "dwarf-with-dsym";
				ENABLE_NS_ASSERTIONS = NO;
				ENABLE_STRICT_OBJC_MSGSEND = YES;
				GCC_C_LANGUAGE_STANDARD = gnu11;
				GCC_NO_COMMON_BLOCKS = YES;
				GCC_WARN_64_TO_32_BIT_CONVERSION = YES;
				GCC_WARN_ABOUT_RETURN_TYPE = YES_ERROR;
				GCC_WARN_UNDECLARED_SELECTOR = YES;
				GCC_WARN_UNINITIALIZED_AUTOS = YES_AGGRESSIVE;
				GCC_WARN_UNUSED_FUNCTION = YES;
				GCC_WARN_UNUSED_VARIABLE = YES;
				MACOSX_DEPLOYMENT_TARGET = 10.14;
				MTL_ENABLE_DEBUG_INFO = NO;
				MTL_FAST_MATH = YES;
				SDKROOT = macosx;
			};
			name = Release;
		};
		57FA69452212CAA20028B0BB /* Debug */ = {
			isa = XCBuildConfiguration;
			buildSettings = {
				ASSETCATALOG_COMPILER_APPICON_NAME = AppIcon;
				CODE_SIGN_ENTITLEMENTS = "Computer-Graphics/Application/Computer_Graphics.entitlements";
				CODE_SIGN_STYLE = Automatic;
				COMBINE_HIDPI_IMAGES = YES;
				DEVELOPMENT_TEAM = YX6VKW92JQ;
				INFOPLIST_FILE = "Computer-Graphics/Application/Info.plist";
				LD_RUNPATH_SEARCH_PATHS = (
					"$(inherited)",
					"@executable_path/../Frameworks",
				);
				PRODUCT_BUNDLE_IDENTIFIER = "artemkufaev.Computer-Graphics";
				PRODUCT_NAME = "Computer Graphics";
			};
			name = Debug;
		};
		57FA69462212CAA20028B0BB /* Release */ = {
			isa = XCBuildConfiguration;
			buildSettings = {
				ASSETCATALOG_COMPILER_APPICON_NAME = AppIcon;
				CODE_SIGN_ENTITLEMENTS = "Computer-Graphics/Application/Computer_Graphics.entitlements";
				CODE_SIGN_STYLE = Automatic;
				COMBINE_HIDPI_IMAGES = YES;
				DEVELOPMENT_TEAM = YX6VKW92JQ;
				INFOPLIST_FILE = "Computer-Graphics/Application/Info.plist";
				LD_RUNPATH_SEARCH_PATHS = (
					"$(inherited)",
					"@executable_path/../Frameworks",
				);
				PRODUCT_BUNDLE_IDENTIFIER = "artemkufaev.Computer-Graphics";
				PRODUCT_NAME = "Computer Graphics";
			};
			name = Release;
		};
/* End XCBuildConfiguration section */

/* Begin XCConfigurationList section */
		57FA692B2212CAA20028B0BB /* Build configuration list for PBXProject "Computer-Graphics" */ = {
			isa = XCConfigurationList;
			buildConfigurations = (
				57FA69422212CAA20028B0BB /* Debug */,
				57FA69432212CAA20028B0BB /* Release */,
			);
			defaultConfigurationIsVisible = 0;
			defaultConfigurationName = Release;
		};
		57FA69442212CAA20028B0BB /* Build configuration list for PBXNativeTarget "Computer-Graphics" */ = {
			isa = XCConfigurationList;
			buildConfigurations = (
				57FA69452212CAA20028B0BB /* Debug */,
				57FA69462212CAA20028B0BB /* Release */,
			);
			defaultConfigurationIsVisible = 0;
			defaultConfigurationName = Release;
		};
/* End XCConfigurationList section */
	};
	rootObject = 57FA69282212CAA20028B0BB /* Project object */;
}
